
Microsoft Visual Studio Solution File, Format Version 12.00
# Visual Studio Version 16
VisualStudioVersion = 16.0.29806.167
MinimumVisualStudioVersion = 10.0.40219.1
Project("{FAE04EC0-301F-11D3-BF4B-00C04F79EFBC}") = "MRNIntelligentTagging", "MRNIntelligentTagging\MRNIntelligentTagging.csproj", "{68608B57-B518-4D26-B62C-8F897CE21C43}"
EndProject
Project("{FAE04EC0-301F-11D3-BF4B-00C04F79EFBC}") = "IntelligentTaggingEngine", "IntelligentTaggingEngine\IntelligentTaggingEngine.csproj", "{88600AB1-B465-4CA8-972D-F445CFB2F05B}"
EndProject
Global
	GlobalSection(SolutionConfigurationPlatforms) = preSolution
		Debug|Any CPU = Debug|Any CPU
		Release|Any CPU = Release|Any CPU
	EndGlobalSection
	GlobalSection(ProjectConfigurationPlatforms) = postSolution
		{68608B57-B518-4D26-B62C-8F897CE21C43}.Debug|Any CPU.ActiveCfg = Debug|Any CPU
		{68608B57-B518-4D26-B62C-8F897CE21C43}.Debug|Any CPU.Build.0 = Debug|Any CPU
		{68608B57-B518-4D26-B62C-8F897CE21C43}.Release|Any CPU.ActiveCfg = Release|Any CPU
		{68608B57-B518-4D26-B62C-8F897CE21C43}.Release|Any CPU.Build.0 = Release|Any CPU
		{88600AB1-B465-4CA8-972D-F445CFB2F05B}.Debug|Any CPU.ActiveCfg = Debug|Any CPU
		{88600AB1-B465-4CA8-972D-F445CFB2F05B}.Debug|Any CPU.Build.0 = Debug|Any CPU
		{88600AB1-B465-4CA8-972D-F445CFB2F05B}.Release|Any CPU.ActiveCfg = Release|Any CPU
		{88600AB1-B465-4CA8-972D-F445CFB2F05B}.Release|Any CPU.Build.0 = Release|Any CPU
	EndGlobalSection
	GlobalSection(SolutionProperties) = preSolution
		HideSolutionNode = FALSE
	EndGlobalSection
	GlobalSection(ExtensibilityGlobals) = postSolution
		SolutionGuid = {0E5AE452-1C5E-45B8-869A-760FFF8E3106}
	EndGlobalSection
EndGlobal
